
Microsoft Visual Studio Solution File, Format Version 12.00
# Visual Studio Version 16
VisualStudioVersion = 16.0.29215.179
MinimumVisualStudioVersion = 10.0.40219.1
Project("{FAE04EC0-301F-11D3-BF4B-00C04F79EFBC}") = "Practica 4", "Practica 4\Practica 4.csproj", "{E32E09A3-5FD7-4C4D-9D16-C40A1C77EB0B}"
EndProject
Global
	GlobalSection(SolutionConfigurationPlatforms) = preSolution
		Debug|Any CPU = Debug|Any CPU
		Release|Any CPU = Release|Any CPU
	EndGlobalSection
	GlobalSection(ProjectConfigurationPlatforms) = postSolution
		{E32E09A3-5FD7-4C4D-9D16-C40A1C77EB0B}.Debug|Any CPU.ActiveCfg = Debug|Any CPU
		{E32E09A3-5FD7-4C4D-9D16-C40A1C77EB0B}.Debug|Any CPU.Build.0 = Debug|Any CPU
		{E32E09A3-5FD7-4C4D-9D16-C40A1C77EB0B}.Release|Any CPU.ActiveCfg = Release|Any CPU
		{E32E09A3-5FD7-4C4D-9D16-C40A1C77EB0B}.Release|Any CPU.Build.0 = Release|Any CPU
	EndGlobalSection
	GlobalSection(SolutionProperties) = preSolution
		HideSolutionNode = FALSE
	EndGlobalSection
	GlobalSection(ExtensibilityGlobals) = postSolution
		SolutionGuid = {20723A4D-F2BF-44E7-B211-47232CF4FCD3}
	EndGlobalSection
EndGlobal
